
Microsoft Visual Studio Solution File, Format Version 12.00
# Visual Studio Version 17
VisualStudioVersion = 17.7.34009.444
MinimumVisualStudioVersion = 10.0.40219.1
Project("{2150E333-8FDC-42A3-9474-1A3956D46DE8}") = "Aspect Framework", "Aspect Framework", "{5BA7A320-308C-43F5-92CD-52174530A89A}"
EndProject
Project("{9A19103F-16F7-4668-BE54-9A1E7A4F7556}") = "PostSharpSample.AutoRetry", "Aspect Framework\PostSharpSample.AutoRetry\PostSharpSample.AutoRetry.csproj", "{3B7A3DE9-8FAD-46B0-B7FB-EBAD89A898B0}"
EndProject
Project("{2150E333-8FDC-42A3-9474-1A3956D46DE8}") = "Logging", "Logging", "{4DDA1A0E-27A0-47E3-940D-5EF91F2D16CB}"
EndProject
Project("{9A19103F-16F7-4668-BE54-9A1E7A4F7556}") = "PostSharpSample.Logging.Console", "Logging\PostSharpSample.Logging.Console\PostSharpSample.Logging.Console.csproj", "{9CDC82D4-FAA2-4C01-8866-D8ECC5AFE2BE}"
EndProject
Project("{D954291E-2A0B-460D-934E-DC6B0785DB48}") = "PostSharpSample.Logging.BusinessLogic", "Logging\PostSharpSample.Logging.BusinessLogic\PostSharpSample.Logging.BusinessLogic.shproj", "{DBB7C918-FA39-48EA-8DB5-858139C6C51E}"
EndProject
Project("{9A19103F-16F7-4668-BE54-9A1E7A4F7556}") = "PostSharpSample.Logging.NLog", "Logging\PostSharpSample.Logging.NLog\PostSharpSample.Logging.NLog.csproj", "{4C500D2A-5EE1-46C3-8670-DB616D030C98}"
EndProject
Project("{9A19103F-16F7-4668-BE54-9A1E7A4F7556}") = "PostSharpSample.Logging.Audit", "Logging\PostSharpSample.Logging.Audit\PostSharpSample.Logging.Audit.csproj", "{FACE3F2C-00C9-490C-9C1A-171B91714DAD}"
EndProject
Project("{2150E333-8FDC-42A3-9474-1A3956D46DE8}") = "Contracts", "Contracts", "{F2E211CE-87EF-4588-8B02-4C1BC27D587A}"
EndProject
Project("{9A19103F-16F7-4668-BE54-9A1E7A4F7556}") = "PostSharpSample.Contracts", "Contracts\PostSharpSample.Contracts\PostSharpSample.Contracts.csproj", "{7D2E8F2E-573A-482C-8719-E00A0B08B07B}"
EndProject
Project("{9A19103F-16F7-4668-BE54-9A1E7A4F7556}") = "PostSharpSample.Logging.FormattingLogRecord", "Logging\PostSharpSample.Logging.FormattingLogRecord\PostSharpSample.Logging.FormattingLogRecord.csproj", "{89750E61-EE74-4C10-BC56-D7A77CAABB38}"
EndProject
Project("{2150E333-8FDC-42A3-9474-1A3956D46DE8}") = "INotifyPropertyChanged", "INotifyPropertyChanged", "{087A21C8-EB0D-4636-B980-712241394BDE}"
EndProject
Project("{9A19103F-16F7-4668-BE54-9A1E7A4F7556}") = "PostSharpSample.WPF.MVVM", "INotifyPropertyChanged\PostSharpSample.WPF.MVVM\PostSharpSample.WPF.MVVM.csproj", "{A8CD0EE3-5A7B-4E1E-ABC3-2365419AE08B}"
EndProject
Project("{9A19103F-16F7-4668-BE54-9A1E7A4F7556}") = "PostSharpSample.WPF.MVVMCommonTool", "INotifyPropertyChanged\PostSharpSample.WPF.MVVMCommonTool\PostSharpSample.WPF.MVVMCommonTool.csproj", "{FB037EAB-FD3F-4C8E-B864-60A8A46F6A39}"
EndProject
Project("{9A19103F-16F7-4668-BE54-9A1E7A4F7556}") = "PostSharpSample.WPF.MVVMPostSharp", "INotifyPropertyChanged\PostSharpSample.WPF.MVVMPostSharp\PostSharpSample.WPF.MVVMPostSharp.csproj", "{9B42C075-60A2-4AAF-BC20-01BA4819610E}"
EndProject
Project("{2150E333-8FDC-42A3-9474-1A3956D46DE8}") = "WeakEvent", "WeakEvent", "{43E53710-55BD-46E6-B20E-719BF6C81E73}"
EndProject
Project("{9A19103F-16F7-4668-BE54-9A1E7A4F7556}") = "PostSharpSample.WeakEvent", "WeakEvent\PostSharpSample.WeakEvent\PostSharpSample.WeakEvent.csproj", "{D9EA8943-18AD-45A7-928F-5A6174CF2D21}"
EndProject
Project("{2150E333-8FDC-42A3-9474-1A3956D46DE8}") = "XAML", "XAML", "{02329604-776A-4D4F-84E9-E7EDF6E178F8}"
EndProject
Project("{9A19103F-16F7-4668-BE54-9A1E7A4F7556}") = "PostSharpSample.Command", "XAML\PostSharpSample.Command\PostSharpSample.Command.csproj", "{148F0847-ACE7-4C8C-9AAD-5FAB730D05B9}"
EndProject
Project("{9A19103F-16F7-4668-BE54-9A1E7A4F7556}") = "PostSharpSample.CommandPostSharp", "XAML\PostSharpSample.CommandPostSharp\PostSharpSample.CommandPostSharp.csproj", "{36996B9C-B24A-4A6D-8F7D-8DF2910DC78F}"
EndProject
Project("{9A19103F-16F7-4668-BE54-9A1E7A4F7556}") = "PostSharpSample.DPProperty", "XAML\PostSharpSample.DPProperty\PostSharpSample.DPProperty.csproj", "{0CED00D5-9B82-410D-A662-9F0AEDD693C5}"
EndProject
Project("{9A19103F-16F7-4668-BE54-9A1E7A4F7556}") = "PostSharpSample.DPPropertyPostSharp", "XAML\PostSharpSample.DPPropertyPostSharp\PostSharpSample.DPPropertyPostSharp.csproj", "{514F67C5-A7DF-4293-B5DC-D444D18D4E92}"
EndProject
Project("{9A19103F-16F7-4668-BE54-9A1E7A4F7556}") = "PostSharpSample.AttachProperty", "XAML\PostSharpSample.AttachProperty\PostSharpSample.AttachProperty.csproj", "{8B967308-EA8E-49FA-A143-E80852D6BDB7}"
EndProject
Project("{FAE04EC0-301F-11D3-BF4B-00C04F79EFBC}") = "PostSharpSample.AttachPropertyPostSharp", "XAML\PostSharpSample.AttachPropertyPostSharp\PostSharpSample.AttachPropertyPostSharp.csproj", "{C65DDFAE-FCCF-46EC-8F45-850DAB9F3CDD}"
EndProject
Project("{FAE04EC0-301F-11D3-BF4B-00C04F79EFBC}") = "PostSharpSample.Aggregatable", "Aspect Framework\PostSharpSample.Aggregatable\PostSharpSample.Aggregatable.csproj", "{5B20DFFD-E47E-441A-8460-CC42EE55644E}"
EndProject
Global
	GlobalSection(SolutionConfigurationPlatforms) = preSolution
		Debug|Any CPU = Debug|Any CPU
		Release|Any CPU = Release|Any CPU
	EndGlobalSection
	GlobalSection(ProjectConfigurationPlatforms) = postSolution
		{3B7A3DE9-8FAD-46B0-B7FB-EBAD89A898B0}.Debug|Any CPU.ActiveCfg = Debug|Any CPU
		{3B7A3DE9-8FAD-46B0-B7FB-EBAD89A898B0}.Debug|Any CPU.Build.0 = Debug|Any CPU
		{3B7A3DE9-8FAD-46B0-B7FB-EBAD89A898B0}.Release|Any CPU.ActiveCfg = Release|Any CPU
		{3B7A3DE9-8FAD-46B0-B7FB-EBAD89A898B0}.Release|Any CPU.Build.0 = Release|Any CPU
		{9CDC82D4-FAA2-4C01-8866-D8ECC5AFE2BE}.Debug|Any CPU.ActiveCfg = Debug|Any CPU
		{9CDC82D4-FAA2-4C01-8866-D8ECC5AFE2BE}.Debug|Any CPU.Build.0 = Debug|Any CPU
		{9CDC82D4-FAA2-4C01-8866-D8ECC5AFE2BE}.Release|Any CPU.ActiveCfg = Release|Any CPU
		{9CDC82D4-FAA2-4C01-8866-D8ECC5AFE2BE}.Release|Any CPU.Build.0 = Release|Any CPU
		{4C500D2A-5EE1-46C3-8670-DB616D030C98}.Debug|Any CPU.ActiveCfg = Debug|Any CPU
		{4C500D2A-5EE1-46C3-8670-DB616D030C98}.Debug|Any CPU.Build.0 = Debug|Any CPU
		{4C500D2A-5EE1-46C3-8670-DB616D030C98}.Release|Any CPU.ActiveCfg = Release|Any CPU
		{4C500D2A-5EE1-46C3-8670-DB616D030C98}.Release|Any CPU.Build.0 = Release|Any CPU
		{FACE3F2C-00C9-490C-9C1A-171B91714DAD}.Debug|Any CPU.ActiveCfg = Debug|Any CPU
		{FACE3F2C-00C9-490C-9C1A-171B91714DAD}.Debug|Any CPU.Build.0 = Debug|Any CPU
		{FACE3F2C-00C9-490C-9C1A-171B91714DAD}.Release|Any CPU.ActiveCfg = Release|Any CPU
		{FACE3F2C-00C9-490C-9C1A-171B91714DAD}.Release|Any CPU.Build.0 = Release|Any CPU
		{7D2E8F2E-573A-482C-8719-E00A0B08B07B}.Debug|Any CPU.ActiveCfg = Debug|Any CPU
		{7D2E8F2E-573A-482C-8719-E00A0B08B07B}.Debug|Any CPU.Build.0 = Debug|Any CPU
		{7D2E8F2E-573A-482C-8719-E00A0B08B07B}.Release|Any CPU.ActiveCfg = Release|Any CPU
		{7D2E8F2E-573A-482C-8719-E00A0B08B07B}.Release|Any CPU.Build.0 = Release|Any CPU
		{89750E61-EE74-4C10-BC56-D7A77CAABB38}.Debug|Any CPU.ActiveCfg = Debug|Any CPU
		{89750E61-EE74-4C10-BC56-D7A77CAABB38}.Debug|Any CPU.Build.0 = Debug|Any CPU
		{89750E61-EE74-4C10-BC56-D7A77CAABB38}.Release|Any CPU.ActiveCfg = Release|Any CPU
		{89750E61-EE74-4C10-BC56-D7A77CAABB38}.Release|Any CPU.Build.0 = Release|Any CPU
		{A8CD0EE3-5A7B-4E1E-ABC3-2365419AE08B}.Debug|Any CPU.ActiveCfg = Debug|Any CPU
		{A8CD0EE3-5A7B-4E1E-ABC3-2365419AE08B}.Debug|Any CPU.Build.0 = Debug|Any CPU
		{A8CD0EE3-5A7B-4E1E-ABC3-2365419AE08B}.Release|Any CPU.ActiveCfg = Release|Any CPU
		{A8CD0EE3-5A7B-4E1E-ABC3-2365419AE08B}.Release|Any CPU.Build.0 = Release|Any CPU
		{FB037EAB-FD3F-4C8E-B864-60A8A46F6A39}.Debug|Any CPU.ActiveCfg = Debug|Any CPU
		{FB037EAB-FD3F-4C8E-B864-60A8A46F6A39}.Debug|Any CPU.Build.0 = Debug|Any CPU
		{FB037EAB-FD3F-4C8E-B864-60A8A46F6A39}.Release|Any CPU.ActiveCfg = Release|Any CPU
		{FB037EAB-FD3F-4C8E-B864-60A8A46F6A39}.Release|Any CPU.Build.0 = Release|Any CPU
		{9B42C075-60A2-4AAF-BC20-01BA4819610E}.Debug|Any CPU.ActiveCfg = Debug|Any CPU
		{9B42C075-60A2-4AAF-BC20-01BA4819610E}.Debug|Any CPU.Build.0 = Debug|Any CPU
		{9B42C075-60A2-4AAF-BC20-01BA4819610E}.Release|Any CPU.ActiveCfg = Release|Any CPU
		{9B42C075-60A2-4AAF-BC20-01BA4819610E}.Release|Any CPU.Build.0 = Release|Any CPU
		{D9EA8943-18AD-45A7-928F-5A6174CF2D21}.Debug|Any CPU.ActiveCfg = Debug|Any CPU
		{D9EA8943-18AD-45A7-928F-5A6174CF2D21}.Debug|Any CPU.Build.0 = Debug|Any CPU
		{D9EA8943-18AD-45A7-928F-5A6174CF2D21}.Release|Any CPU.ActiveCfg = Release|Any CPU
		{D9EA8943-18AD-45A7-928F-5A6174CF2D21}.Release|Any CPU.Build.0 = Release|Any CPU
		{148F0847-ACE7-4C8C-9AAD-5FAB730D05B9}.Debug|Any CPU.ActiveCfg = Debug|Any CPU
		{148F0847-ACE7-4C8C-9AAD-5FAB730D05B9}.Debug|Any CPU.Build.0 = Debug|Any CPU
		{148F0847-ACE7-4C8C-9AAD-5FAB730D05B9}.Release|Any CPU.ActiveCfg = Release|Any CPU
		{148F0847-ACE7-4C8C-9AAD-5FAB730D05B9}.Release|Any CPU.Build.0 = Release|Any CPU
		{36996B9C-B24A-4A6D-8F7D-8DF2910DC78F}.Debug|Any CPU.ActiveCfg = Debug|Any CPU
		{36996B9C-B24A-4A6D-8F7D-8DF2910DC78F}.Debug|Any CPU.Build.0 = Debug|Any CPU
		{36996B9C-B24A-4A6D-8F7D-8DF2910DC78F}.Release|Any CPU.ActiveCfg = Release|Any CPU
		{36996B9C-B24A-4A6D-8F7D-8DF2910DC78F}.Release|Any CPU.Build.0 = Release|Any CPU
		{0CED00D5-9B82-410D-A662-9F0AEDD693C5}.Debug|Any CPU.ActiveCfg = Debug|Any CPU
		{0CED00D5-9B82-410D-A662-9F0AEDD693C5}.Debug|Any CPU.Build.0 = Debug|Any CPU
		{0CED00D5-9B82-410D-A662-9F0AEDD693C5}.Release|Any CPU.ActiveCfg = Release|Any CPU
		{0CED00D5-9B82-410D-A662-9F0AEDD693C5}.Release|Any CPU.Build.0 = Release|Any CPU
		{514F67C5-A7DF-4293-B5DC-D444D18D4E92}.Debug|Any CPU.ActiveCfg = Debug|Any CPU
		{514F67C5-A7DF-4293-B5DC-D444D18D4E92}.Debug|Any CPU.Build.0 = Debug|Any CPU
		{514F67C5-A7DF-4293-B5DC-D444D18D4E92}.Release|Any CPU.ActiveCfg = Release|Any CPU
		{514F67C5-A7DF-4293-B5DC-D444D18D4E92}.Release|Any CPU.Build.0 = Release|Any CPU
		{8B967308-EA8E-49FA-A143-E80852D6BDB7}.Debug|Any CPU.ActiveCfg = Debug|Any CPU
		{8B967308-EA8E-49FA-A143-E80852D6BDB7}.Debug|Any CPU.Build.0 = Debug|Any CPU
		{8B967308-EA8E-49FA-A143-E80852D6BDB7}.Release|Any CPU.ActiveCfg = Release|Any CPU
		{8B967308-EA8E-49FA-A143-E80852D6BDB7}.Release|Any CPU.Build.0 = Release|Any CPU
		{C65DDFAE-FCCF-46EC-8F45-850DAB9F3CDD}.Debug|Any CPU.ActiveCfg = Debug|Any CPU
		{C65DDFAE-FCCF-46EC-8F45-850DAB9F3CDD}.Debug|Any CPU.Build.0 = Debug|Any CPU
		{C65DDFAE-FCCF-46EC-8F45-850DAB9F3CDD}.Release|Any CPU.ActiveCfg = Release|Any CPU
		{C65DDFAE-FCCF-46EC-8F45-850DAB9F3CDD}.Release|Any CPU.Build.0 = Release|Any CPU
		{5B20DFFD-E47E-441A-8460-CC42EE55644E}.Debug|Any CPU.ActiveCfg = Debug|Any CPU
		{5B20DFFD-E47E-441A-8460-CC42EE55644E}.Debug|Any CPU.Build.0 = Debug|Any CPU
		{5B20DFFD-E47E-441A-8460-CC42EE55644E}.Release|Any CPU.ActiveCfg = Release|Any CPU
		{5B20DFFD-E47E-441A-8460-CC42EE55644E}.Release|Any CPU.Build.0 = Release|Any CPU
	EndGlobalSection
	GlobalSection(SolutionProperties) = preSolution
		HideSolutionNode = FALSE
	EndGlobalSection
	GlobalSection(NestedProjects) = preSolution
		{3B7A3DE9-8FAD-46B0-B7FB-EBAD89A898B0} = {5BA7A320-308C-43F5-92CD-52174530A89A}
		{9CDC82D4-FAA2-4C01-8866-D8ECC5AFE2BE} = {4DDA1A0E-27A0-47E3-940D-5EF91F2D16CB}
		{DBB7C918-FA39-48EA-8DB5-858139C6C51E} = {4DDA1A0E-27A0-47E3-940D-5EF91F2D16CB}
		{4C500D2A-5EE1-46C3-8670-DB616D030C98} = {4DDA1A0E-27A0-47E3-940D-5EF91F2D16CB}
		{FACE3F2C-00C9-490C-9C1A-171B91714DAD} = {4DDA1A0E-27A0-47E3-940D-5EF91F2D16CB}
		{7D2E8F2E-573A-482C-8719-E00A0B08B07B} = {F2E211CE-87EF-4588-8B02-4C1BC27D587A}
		{89750E61-EE74-4C10-BC56-D7A77CAABB38} = {4DDA1A0E-27A0-47E3-940D-5EF91F2D16CB}
		{A8CD0EE3-5A7B-4E1E-ABC3-2365419AE08B} = {087A21C8-EB0D-4636-B980-712241394BDE}
		{FB037EAB-FD3F-4C8E-B864-60A8A46F6A39} = {087A21C8-EB0D-4636-B980-712241394BDE}
		{9B42C075-60A2-4AAF-BC20-01BA4819610E} = {087A21C8-EB0D-4636-B980-712241394BDE}
		{D9EA8943-18AD-45A7-928F-5A6174CF2D21} = {43E53710-55BD-46E6-B20E-719BF6C81E73}
		{148F0847-ACE7-4C8C-9AAD-5FAB730D05B9} = {02329604-776A-4D4F-84E9-E7EDF6E178F8}
		{36996B9C-B24A-4A6D-8F7D-8DF2910DC78F} = {02329604-776A-4D4F-84E9-E7EDF6E178F8}
		{0CED00D5-9B82-410D-A662-9F0AEDD693C5} = {02329604-776A-4D4F-84E9-E7EDF6E178F8}
		{514F67C5-A7DF-4293-B5DC-D444D18D4E92} = {02329604-776A-4D4F-84E9-E7EDF6E178F8}
		{8B967308-EA8E-49FA-A143-E80852D6BDB7} = {02329604-776A-4D4F-84E9-E7EDF6E178F8}
		{C65DDFAE-FCCF-46EC-8F45-850DAB9F3CDD} = {02329604-776A-4D4F-84E9-E7EDF6E178F8}
		{5B20DFFD-E47E-441A-8460-CC42EE55644E} = {5BA7A320-308C-43F5-92CD-52174530A89A}
	EndGlobalSection
	GlobalSection(ExtensibilityGlobals) = postSolution
		SolutionGuid = {1C081DEC-BC3E-4DE2-BCC1-FAEFF04EADC2}
	EndGlobalSection
	GlobalSection(SharedMSBuildProjectFiles) = preSolution
		Logging\PostSharpSample.Logging.BusinessLogic\PostSharpSample.Logging.BusinessLogic.projitems*{4c500d2a-5ee1-46c3-8670-db616d030c98}*SharedItemsImports = 5
		Logging\PostSharpSample.Logging.BusinessLogic\PostSharpSample.Logging.BusinessLogic.projitems*{89750e61-ee74-4c10-bc56-d7a77caabb38}*SharedItemsImports = 5
		Logging\PostSharpSample.Logging.BusinessLogic\PostSharpSample.Logging.BusinessLogic.projitems*{9cdc82d4-faa2-4c01-8866-d8ecc5afe2be}*SharedItemsImports = 5
		Logging\PostSharpSample.Logging.BusinessLogic\PostSharpSample.Logging.BusinessLogic.projitems*{dbb7c918-fa39-48ea-8db5-858139c6c51e}*SharedItemsImports = 13
	EndGlobalSection
EndGlobal
